// !$*UTF8*$!
{
	archiveVersion = 1;
	classes = {
	};
	objectVersion = 48;
	objects = {

/* Begin PBXBuildFile section */
		5B3A30D25AFAB3AA1150DBB0 /* Pods_ShoppingList___iCloudKit.framework in Frameworks */ = {isa = PBXBuildFile; fileRef = 2659E4DBDC625B21571B68E2 /* Pods_ShoppingList___iCloudKit.framework */; };
		8D468EC01F85BAF30060A8FE /* AppDelegate.swift in Sources */ = {isa = PBXBuildFile; fileRef = 8D468EBF1F85BAF30060A8FE /* AppDelegate.swift */; };
		8D468EC21F85BAF30060A8FE /* ListsViewController.swift in Sources */ = {isa = PBXBuildFile; fileRef = 8D468EC11F85BAF30060A8FE /* ListsViewController.swift */; };
		8D468EC51F85BAF30060A8FE /* Main.storyboard in Resources */ = {isa = PBXBuildFile; fileRef = 8D468EC31F85BAF30060A8FE /* Main.storyboard */; };
		8D468EC81F85BAF30060A8FE /* ShoppingList___iCloudKit.xcdatamodeld in Sources */ = {isa = PBXBuildFile; fileRef = 8D468EC61F85BAF30060A8FE /* ShoppingList___iCloudKit.xcdatamodeld */; };
		8D468ECA1F85BAF30060A8FE /* Assets.xcassets in Resources */ = {isa = PBXBuildFile; fileRef = 8D468EC91F85BAF30060A8FE /* Assets.xcassets */; };
		8D468ECD1F85BAF30060A8FE /* LaunchScreen.storyboard in Resources */ = {isa = PBXBuildFile; fileRef = 8D468ECB1F85BAF30060A8FE /* LaunchScreen.storyboard */; };
		8D468ED91F85D3BA0060A8FE /* AddListsViewController.swift in Sources */ = {isa = PBXBuildFile; fileRef = 8D468ED81F85D3BA0060A8FE /* AddListsViewController.swift */; };
		8D468EDB1F8B338F0060A8FE /* ListViewController.swift in Sources */ = {isa = PBXBuildFile; fileRef = 8D468EDA1F8B338F0060A8FE /* ListViewController.swift */; };
		8D468EDD1F8B3B940060A8FE /* AddItemViewController.swift in Sources */ = {isa = PBXBuildFile; fileRef = 8D468EDC1F8B3B940060A8FE /* AddItemViewController.swift */; };
		8D468EDF1F8B50B90060A8FE /* CloudKit.framework in Frameworks */ = {isa = PBXBuildFile; fileRef = 8D468EDE1F8B50B90060A8FE /* CloudKit.framework */; };
/* End PBXBuildFile section */

/* Begin PBXFileReference section */
		0374CD5A1DA1ACE81B09E0D6 /* Pods-ShoppingList - iCloudKit.release.xcconfig */ = {isa = PBXFileReference; includeInIndex = 1; lastKnownFileType = text.xcconfig; name = "Pods-ShoppingList - iCloudKit.release.xcconfig"; path = "Pods/Target Support Files/Pods-ShoppingList - iCloudKit/Pods-ShoppingList - iCloudKit.release.xcconfig"; sourceTree = "<group>"; };
		2659E4DBDC625B21571B68E2 /* Pods_ShoppingList___iCloudKit.framework */ = {isa = PBXFileReference; explicitFileType = wrapper.framework; includeInIndex = 0; path = "Pods_ShoppingList___iCloudKit.framework"; sourceTree = BUILT_PRODUCTS_DIR; };
		8D468EBC1F85BAF30060A8FE /* ShoppingList - iCloudKit.app */ = {isa = PBXFileReference; explicitFileType = wrapper.application; includeInIndex = 0; path = "ShoppingList - iCloudKit.app"; sourceTree = BUILT_PRODUCTS_DIR; };
		8D468EBF1F85BAF30060A8FE /* AppDelegate.swift */ = {isa = PBXFileReference; lastKnownFileType = sourcecode.swift; path = AppDelegate.swift; sourceTree = "<group>"; };
		8D468EC11F85BAF30060A8FE /* ListsViewController.swift */ = {isa = PBXFileReference; lastKnownFileType = sourcecode.swift; path = ListsViewController.swift; sourceTree = "<group>"; };
		8D468EC41F85BAF30060A8FE /* Base */ = {isa = PBXFileReference; lastKnownFileType = file.storyboard; name = Base; path = Base.lproj/Main.storyboard; sourceTree = "<group>"; };
		8D468EC71F85BAF30060A8FE /* ShoppingList___iCloudKit.xcdatamodel */ = {isa = PBXFileReference; lastKnownFileType = wrapper.xcdatamodel; path = "ShoppingList___iCloudKit.xcdatamodel"; sourceTree = "<group>"; };
		8D468EC91F85BAF30060A8FE /* Assets.xcassets */ = {isa = PBXFileReference; lastKnownFileType = folder.assetcatalog; path = Assets.xcassets; sourceTree = "<group>"; };
		8D468ECC1F85BAF30060A8FE /* Base */ = {isa = PBXFileReference; lastKnownFileType = file.storyboard; name = Base; path = Base.lproj/LaunchScreen.storyboard; sourceTree = "<group>"; };
		8D468ECE1F85BAF30060A8FE /* Info.plist */ = {isa = PBXFileReference; lastKnownFileType = text.plist.xml; path = Info.plist; sourceTree = "<group>"; };
		8D468ED41F85C0E90060A8FE /* ShoppingList - iCloudKit.entitlements */ = {isa = PBXFileReference; lastKnownFileType = text.plist.entitlements; path = "ShoppingList - iCloudKit.entitlements"; sourceTree = "<group>"; };
		8D468ED81F85D3BA0060A8FE /* AddListsViewController.swift */ = {isa = PBXFileReference; lastKnownFileType = sourcecode.swift; path = AddListsViewController.swift; sourceTree = "<group>"; };
		8D468EDA1F8B338F0060A8FE /* ListViewController.swift */ = {isa = PBXFileReference; lastKnownFileType = sourcecode.swift; path = ListViewController.swift; sourceTree = "<group>"; };
		8D468EDC1F8B3B940060A8FE /* AddItemViewController.swift */ = {isa = PBXFileReference; lastKnownFileType = sourcecode.swift; path = AddItemViewController.swift; sourceTree = "<group>"; };
		8D468EDE1F8B50B90060A8FE /* CloudKit.framework */ = {isa = PBXFileReference; lastKnownFileType = wrapper.framework; name = CloudKit.framework; path = System/Library/Frameworks/CloudKit.framework; sourceTree = SDKROOT; };
		D94663A163AFAC3929118AA4 /* Pods-ShoppingList - iCloudKit.debug.xcconfig */ = {isa = PBXFileReference; includeInIndex = 1; lastKnownFileType = text.xcconfig; name = "Pods-ShoppingList - iCloudKit.debug.xcconfig"; path = "Pods/Target Support Files/Pods-ShoppingList - iCloudKit/Pods-ShoppingList - iCloudKit.debug.xcconfig"; sourceTree = "<group>"; };
/* End PBXFileReference section */

/* Begin PBXFrameworksBuildPhase section */
		8D468EB91F85BAF30060A8FE /* Frameworks */ = {
			isa = PBXFrameworksBuildPhase;
			buildActionMask = 2147483647;
			files = (
				5B3A30D25AFAB3AA1150DBB0 /* Pods_ShoppingList___iCloudKit.framework in Frameworks */,
				8D468EDF1F8B50B90060A8FE /* CloudKit.framework in Frameworks */,
			);
			runOnlyForDeploymentPostprocessing = 0;
		};
/* End PBXFrameworksBuildPhase section */

/* Begin PBXGroup section */
		8D468EB31F85BAF30060A8FE = {
			isa = PBXGroup;
			children = (
				8D468EBE1F85BAF30060A8FE /* ShoppingList - iCloudKit */,
				8D468EBD1F85BAF30060A8FE /* Products */,
				8D468ED51F85C0EB0060A8FE /* Frameworks */,
				BC94E37B15CC7011AE349190 /* Pods */,
			);
			sourceTree = "<group>";
		};
		8D468EBD1F85BAF30060A8FE /* Products */ = {
			isa = PBXGroup;
			children = (
				8D468EBC1F85BAF30060A8FE /* ShoppingList - iCloudKit.app */,
			);
			name = Products;
			sourceTree = "<group>";
		};
		8D468EBE1F85BAF30060A8FE /* ShoppingList - iCloudKit */ = {
			isa = PBXGroup;
			children = (
				8D468ED41F85C0E90060A8FE /* ShoppingList - iCloudKit.entitlements */,
				8D468EBF1F85BAF30060A8FE /* AppDelegate.swift */,
				8D468EC11F85BAF30060A8FE /* ListsViewController.swift */,
				8D468EDA1F8B338F0060A8FE /* ListViewController.swift */,
				8D468EDC1F8B3B940060A8FE /* AddItemViewController.swift */,
				8D468ED81F85D3BA0060A8FE /* AddListsViewController.swift */,
				8D468EC31F85BAF30060A8FE /* Main.storyboard */,
				8D468EC91F85BAF30060A8FE /* Assets.xcassets */,
				8D468ECB1F85BAF30060A8FE /* LaunchScreen.storyboard */,
				8D468ECE1F85BAF30060A8FE /* Info.plist */,
				8D468EC61F85BAF30060A8FE /* ShoppingList___iCloudKit.xcdatamodeld */,
			);
			path = "ShoppingList - iCloudKit";
			sourceTree = "<group>";
		};
		8D468ED51F85C0EB0060A8FE /* Frameworks */ = {
			isa = PBXGroup;
			children = (
				8D468EDE1F8B50B90060A8FE /* CloudKit.framework */,
				2659E4DBDC625B21571B68E2 /* Pods_ShoppingList___iCloudKit.framework */,
			);
			name = Frameworks;
			sourceTree = "<group>";
		};
		BC94E37B15CC7011AE349190 /* Pods */ = {
			isa = PBXGroup;
			children = (
				D94663A163AFAC3929118AA4 /* Pods-ShoppingList - iCloudKit.debug.xcconfig */,
				0374CD5A1DA1ACE81B09E0D6 /* Pods-ShoppingList - iCloudKit.release.xcconfig */,
			);
			name = Pods;
			sourceTree = "<group>";
		};
/* End PBXGroup section */

/* Begin PBXNativeTarget section */
		8D468EBB1F85BAF30060A8FE /* ShoppingList - iCloudKit */ = {
			isa = PBXNativeTarget;
			buildConfigurationList = 8D468ED11F85BAF30060A8FE /* Build configuration list for PBXNativeTarget "ShoppingList - iCloudKit" */;
			buildPhases = (
				59600638818BC8B154A0F123 /* [CP] Check Pods Manifest.lock */,
				8D468EB81F85BAF30060A8FE /* Sources */,
				8D468EB91F85BAF30060A8FE /* Frameworks */,
				8D468EBA1F85BAF30060A8FE /* Resources */,
				0E0A7546483C9251C8C25917 /* [CP] Embed Pods Frameworks */,
				9C5B7C1307B3CF0831D81B1F /* [CP] Copy Pods Resources */,
			);
			buildRules = (
			);
			dependencies = (
			);
			name = "ShoppingList - iCloudKit";
			productName = "ShoppingList - iCloudKit";
			productReference = 8D468EBC1F85BAF30060A8FE /* ShoppingList - iCloudKit.app */;
			productType = "com.apple.product-type.application";
		};
/* End PBXNativeTarget section */

/* Begin PBXProject section */
		8D468EB41F85BAF30060A8FE /* Project object */ = {
			isa = PBXProject;
			attributes = {
				LastSwiftUpdateCheck = 0900;
				LastUpgradeCheck = 0900;
				ORGANIZATIONNAME = "PotPie - CareerFoundry";
				TargetAttributes = {
					8D468EBB1F85BAF30060A8FE = {
						CreatedOnToolsVersion = 9.0;
						ProvisioningStyle = Automatic;
						SystemCapabilities = {
							com.apple.Push = {
								enabled = 1;
							};
							com.apple.iCloud = {
								enabled = 1;
							};
						};
					};
				};
			};
			buildConfigurationList = 8D468EB71F85BAF30060A8FE /* Build configuration list for PBXProject "ShoppingList - iCloudKit" */;
			compatibilityVersion = "Xcode 8.0";
			developmentRegion = en;
			hasScannedForEncodings = 0;
			knownRegions = (
				en,
				Base,
			);
			mainGroup = 8D468EB31F85BAF30060A8FE;
			productRefGroup = 8D468EBD1F85BAF30060A8FE /* Products */;
			projectDirPath = "";
			projectRoot = "";
			targets = (
				8D468EBB1F85BAF30060A8FE /* ShoppingList - iCloudKit */,
			);
		};
/* End PBXProject section */

/* Begin PBXResourcesBuildPhase section */
		8D468EBA1F85BAF30060A8FE /* Resources */ = {
			isa = PBXResourcesBuildPhase;
			buildActionMask = 2147483647;
			files = (
				8D468ECD1F85BAF30060A8FE /* LaunchScreen.storyboard in Resources */,
				8D468ECA1F85BAF30060A8FE /* Assets.xcassets in Resources */,
				8D468EC51F85BAF30060A8FE /* Main.storyboard in Resources */,
			);
			runOnlyForDeploymentPostprocessing = 0;
		};
/* End PBXResourcesBuildPhase section */

/* Begin PBXShellScriptBuildPhase section */
		0E0A7546483C9251C8C25917 /* [CP] Embed Pods Frameworks */ = {
			isa = PBXShellScriptBuildPhase;
			buildActionMask = 2147483647;
			files = (
			);
			inputPaths = (
				"${SRCROOT}/Pods/Target Support Files/Pods-ShoppingList - iCloudKit/Pods-ShoppingList - iCloudKit-frameworks.sh",
				"${BUILT_PRODUCTS_DIR}/SVProgressHUD/SVProgressHUD.framework",
			);
			name = "[CP] Embed Pods Frameworks";
			outputPaths = (
				"${TARGET_BUILD_DIR}/${FRAMEWORKS_FOLDER_PATH}/SVProgressHUD.framework",
			);
			runOnlyForDeploymentPostprocessing = 0;
			shellPath = /bin/sh;
			shellScript = "\"${SRCROOT}/Pods/Target Support Files/Pods-ShoppingList - iCloudKit/Pods-ShoppingList - iCloudKit-frameworks.sh\"\n";
			showEnvVarsInLog = 0;
		};
		59600638818BC8B154A0F123 /* [CP] Check Pods Manifest.lock */ = {
			isa = PBXShellScriptBuildPhase;
			buildActionMask = 2147483647;
			files = (
			);
			inputPaths = (
				"${PODS_PODFILE_DIR_PATH}/Podfile.lock",
				"${PODS_ROOT}/Manifest.lock",
			);
			name = "[CP] Check Pods Manifest.lock";
			outputPaths = (
				"$(DERIVED_FILE_DIR)/Pods-ShoppingList - iCloudKit-checkManifestLockResult.txt",
			);
			runOnlyForDeploymentPostprocessing = 0;
			shellPath = /bin/sh;
			shellScript = "diff \"${PODS_PODFILE_DIR_PATH}/Podfile.lock\" \"${PODS_ROOT}/Manifest.lock\" > /dev/null\nif [ $? != 0 ] ; then\n    # print error to STDERR\n    echo \"error: The sandbox is not in sync with the Podfile.lock. Run 'pod install' or update your CocoaPods installation.\" >&2\n    exit 1\nfi\n# This output is used by Xcode 'outputs' to avoid re-running this script phase.\necho \"SUCCESS\" > \"${SCRIPT_OUTPUT_FILE_0}\"\n";
			showEnvVarsInLog = 0;
		};
		9C5B7C1307B3CF0831D81B1F /* [CP] Copy Pods Resources */ = {
			isa = PBXShellScriptBuildPhase;
			buildActionMask = 2147483647;
			files = (
			);
			inputPaths = (
			);
			name = "[CP] Copy Pods Resources";
			outputPaths = (
			);
			runOnlyForDeploymentPostprocessing = 0;
			shellPath = /bin/sh;
			shellScript = "\"${SRCROOT}/Pods/Target Support Files/Pods-ShoppingList - iCloudKit/Pods-ShoppingList - iCloudKit-resources.sh\"\n";
			showEnvVarsInLog = 0;
		};
/* End PBXShellScriptBuildPhase section */

/* Begin PBXSourcesBuildPhase section */
		8D468EB81F85BAF30060A8FE /* Sources */ = {
			isa = PBXSourcesBuildPhase;
			buildActionMask = 2147483647;
			files = (
				8D468EC21F85BAF30060A8FE /* ListsViewController.swift in Sources */,
				8D468EC81F85BAF30060A8FE /* ShoppingList___iCloudKit.xcdatamodeld in Sources */,
				8D468ED91F85D3BA0060A8FE /* AddListsViewController.swift in Sources */,
				8D468EDB1F8B338F0060A8FE /* ListViewController.swift in Sources */,
				8D468EC01F85BAF30060A8FE /* AppDelegate.swift in Sources */,
				8D468EDD1F8B3B940060A8FE /* AddItemViewController.swift in Sources */,
			);
			runOnlyForDeploymentPostprocessing = 0;
		};
/* End PBXSourcesBuildPhase section */

/* Begin PBXVariantGroup section */
		8D468EC31F85BAF30060A8FE /* Main.storyboard */ = {
			isa = PBXVariantGroup;
			children = (
				8D468EC41F85BAF30060A8FE /* Base */,
			);
			name = Main.storyboard;
			sourceTree = "<group>";
		};
		8D468ECB1F85BAF30060A8FE /* LaunchScreen.storyboard */ = {
			isa = PBXVariantGroup;
			children = (
				8D468ECC1F85BAF30060A8FE /* Base */,
			);
			name = LaunchScreen.storyboard;
			sourceTree = "<group>";
		};
/* End PBXVariantGroup section */

/* Begin XCBuildConfiguration section */
		8D468ECF1F85BAF30060A8FE /* Debug */ = {
			isa = XCBuildConfiguration;
			buildSettings = {
				ALWAYS_SEARCH_USER_PATHS = NO;
				CLANG_ANALYZER_NONNULL = YES;
				CLANG_ANALYZER_NUMBER_OBJECT_CONVERSION = YES_AGGRESSIVE;
				CLANG_CXX_LANGUAGE_STANDARD = "gnu++14";
				CLANG_CXX_LIBRARY = "libc++";
				CLANG_ENABLE_MODULES = YES;
				CLANG_ENABLE_OBJC_ARC = YES;
				CLANG_WARN_BLOCK_CAPTURE_AUTORELEASING = YES;
				CLANG_WARN_BOOL_CONVERSION = YES;
				CLANG_WARN_COMMA = YES;
				CLANG_WARN_CONSTANT_CONVERSION = YES;
				CLANG_WARN_DIRECT_OBJC_ISA_USAGE = YES_ERROR;
				CLANG_WARN_DOCUMENTATION_COMMENTS = YES;
				CLANG_WARN_EMPTY_BODY = YES;
				CLANG_WARN_ENUM_CONVERSION = YES;
				CLANG_WARN_INFINITE_RECURSION = YES;
				CLANG_WARN_INT_CONVERSION = YES;
				CLANG_WARN_NON_LITERAL_NULL_CONVERSION = YES;
				CLANG_WARN_OBJC_LITERAL_CONVERSION = YES;
				CLANG_WARN_OBJC_ROOT_CLASS = YES_ERROR;
				CLANG_WARN_RANGE_LOOP_ANALYSIS = YES;
				CLANG_WARN_STRICT_PROTOTYPES = YES;
				CLANG_WARN_SUSPICIOUS_MOVE = YES;
				CLANG_WARN_UNGUARDED_AVAILABILITY = YES_AGGRESSIVE;
				CLANG_WARN_UNREACHABLE_CODE = YES;
				CLANG_WARN__DUPLICATE_METHOD_MATCH = YES;
				CODE_SIGN_IDENTITY = "iPhone Developer";
				COPY_PHASE_STRIP = NO;
				DEBUG_INFORMATION_FORMAT = dwarf;
				ENABLE_STRICT_OBJC_MSGSEND = YES;
				ENABLE_TESTABILITY = YES;
				GCC_C_LANGUAGE_STANDARD = gnu11;
				GCC_DYNAMIC_NO_PIC = NO;
				GCC_NO_COMMON_BLOCKS = YES;
				GCC_OPTIMIZATION_LEVEL = 0;
				GCC_PREPROCESSOR_DEFINITIONS = (
					"DEBUG=1",
					"$(inherited)",
				);
				GCC_WARN_64_TO_32_BIT_CONVERSION = YES;
				GCC_WARN_ABOUT_RETURN_TYPE = YES_ERROR;
				GCC_WARN_UNDECLARED_SELECTOR = YES;
				GCC_WARN_UNINITIALIZED_AUTOS = YES_AGGRESSIVE;
				GCC_WARN_UNUSED_FUNCTION = YES;
				GCC_WARN_UNUSED_VARIABLE = YES;
				IPHONEOS_DEPLOYMENT_TARGET = 11.0;
				MTL_ENABLE_DEBUG_INFO = YES;
				ONLY_ACTIVE_ARCH = YES;
				SDKROOT = iphoneos;
				SWIFT_ACTIVE_COMPILATION_CONDITIONS = DEBUG;
				SWIFT_OPTIMIZATION_LEVEL = "-Onone";
			};
			name = Debug;
		};
		8D468ED01F85BAF30060A8FE /* Release */ = {
			isa = XCBuildConfiguration;
			buildSettings = {
				ALWAYS_SEARCH_USER_PATHS = NO;
				CLANG_ANALYZER_NONNULL = YES;
				CLANG_ANALYZER_NUMBER_OBJECT_CONVERSION = YES_AGGRESSIVE;
				CLANG_CXX_LANGUAGE_STANDARD = "gnu++14";
				CLANG_CXX_LIBRARY = "libc++";
				CLANG_ENABLE_MODULES = YES;
				CLANG_ENABLE_OBJC_ARC = YES;
				CLANG_WARN_BLOCK_CAPTURE_AUTORELEASING = YES;
				CLANG_WARN_BOOL_CONVERSION = YES;
				CLANG_WARN_COMMA = YES;
				CLANG_WARN_CONSTANT_CONVERSION = YES;
				CLANG_WARN_DIRECT_OBJC_ISA_USAGE = YES_ERROR;
				CLANG_WARN_DOCUMENTATION_COMMENTS = YES;
				CLANG_WARN_EMPTY_BODY = YES;
				CLANG_WARN_ENUM_CONVERSION = YES;
				CLANG_WARN_INFINITE_RECURSION = YES;
				CLANG_WARN_INT_CONVERSION = YES;
				CLANG_WARN_NON_LITERAL_NULL_CONVERSION = YES;
				CLANG_WARN_OBJC_LITERAL_CONVERSION = YES;
				CLANG_WARN_OBJC_ROOT_CLASS = YES_ERROR;
				CLANG_WARN_RANGE_LOOP_ANALYSIS = YES;
				CLANG_WARN_STRICT_PROTOTYPES = YES;
				CLANG_WARN_SUSPICIOUS_MOVE = YES;
				CLANG_WARN_UNGUARDED_AVAILABILITY = YES_AGGRESSIVE;
				CLANG_WARN_UNREACHABLE_CODE = YES;
				CLANG_WARN__DUPLICATE_METHOD_MATCH = YES;
				CODE_SIGN_IDENTITY = "iPhone Developer";
				COPY_PHASE_STRIP = NO;
				DEBUG_INFORMATION_FORMAT = "dwarf-with-dsym";
				ENABLE_NS_ASSERTIONS = NO;
				ENABLE_STRICT_OBJC_MSGSEND = YES;
				GCC_C_LANGUAGE_STANDARD = gnu11;
				GCC_NO_COMMON_BLOCKS = YES;
				GCC_WARN_64_TO_32_BIT_CONVERSION = YES;
				GCC_WARN_ABOUT_RETURN_TYPE = YES_ERROR;
				GCC_WARN_UNDECLARED_SELECTOR = YES;
				GCC_WARN_UNINITIALIZED_AUTOS = YES_AGGRESSIVE;
				GCC_WARN_UNUSED_FUNCTION = YES;
				GCC_WARN_UNUSED_VARIABLE = YES;
				IPHONEOS_DEPLOYMENT_TARGET = 11.0;
				MTL_ENABLE_DEBUG_INFO = NO;
				SDKROOT = iphoneos;
				SWIFT_OPTIMIZATION_LEVEL = "-Owholemodule";
				VALIDATE_PRODUCT = YES;
			};
			name = Release;
		};
		8D468ED21F85BAF30060A8FE /* Debug */ = {
			isa = XCBuildConfiguration;
			baseConfigurationReference = D94663A163AFAC3929118AA4 /* Pods-ShoppingList - iCloudKit.debug.xcconfig */;
			buildSettings = {
				ASSETCATALOG_COMPILER_APPICON_NAME = AppIcon;
				CODE_SIGN_ENTITLEMENTS = "ShoppingList - iCloudKit/ShoppingList - iCloudKit.entitlements";
				CODE_SIGN_STYLE = Automatic;
				DEVELOPMENT_TEAM = 34GG8A5UL9;
				INFOPLIST_FILE = "ShoppingList - iCloudKit/Info.plist";
				LD_RUNPATH_SEARCH_PATHS = "$(inherited) @executable_path/Frameworks";
				PRODUCT_BUNDLE_IDENTIFIER = "AdkinsM.ShoppingList---iCloudKit";
				PRODUCT_NAME = "$(TARGET_NAME)";
				SWIFT_VERSION = 4.0;
				TARGETED_DEVICE_FAMILY = "1,2";
			};
			name = Debug;
		};
		8D468ED31F85BAF30060A8FE /* Release */ = {
			isa = XCBuildConfiguration;
			baseConfigurationReference = 0374CD5A1DA1ACE81B09E0D6 /* Pods-ShoppingList - iCloudKit.release.xcconfig */;
			buildSettings = {
				ASSETCATALOG_COMPILER_APPICON_NAME = AppIcon;
				CODE_SIGN_ENTITLEMENTS = "ShoppingList - iCloudKit/ShoppingList - iCloudKit.entitlements";
				CODE_SIGN_STYLE = Automatic;
				DEVELOPMENT_TEAM = 34GG8A5UL9;
				INFOPLIST_FILE = "ShoppingList - iCloudKit/Info.plist";
				LD_RUNPATH_SEARCH_PATHS = "$(inherited) @executable_path/Frameworks";
				PRODUCT_BUNDLE_IDENTIFIER = "AdkinsM.ShoppingList---iCloudKit";
				PRODUCT_NAME = "$(TARGET_NAME)";
				SWIFT_VERSION = 4.0;
				TARGETED_DEVICE_FAMILY = "1,2";
			};
			name = Release;
		};
/* End XCBuildConfiguration section */

/* Begin XCConfigurationList section */
		8D468EB71F85BAF30060A8FE /* Build configuration list for PBXProject "ShoppingList - iCloudKit" */ = {
			isa = XCConfigurationList;
			buildConfigurations = (
				8D468ECF1F85BAF30060A8FE /* Debug */,
				8D468ED01F85BAF30060A8FE /* Release */,
			);
			defaultConfigurationIsVisible = 0;
			defaultConfigurationName = Release;
		};
		8D468ED11F85BAF30060A8FE /* Build configuration list for PBXNativeTarget "ShoppingList - iCloudKit" */ = {
			isa = XCConfigurationList;
			buildConfigurations = (
				8D468ED21F85BAF30060A8FE /* Debug */,
				8D468ED31F85BAF30060A8FE /* Release */,
			);
			defaultConfigurationIsVisible = 0;
			defaultConfigurationName = Release;
		};
/* End XCConfigurationList section */

/* Begin XCVersionGroup section */
		8D468EC61F85BAF30060A8FE /* ShoppingList___iCloudKit.xcdatamodeld */ = {
			isa = XCVersionGroup;
			children = (
				8D468EC71F85BAF30060A8FE /* ShoppingList___iCloudKit.xcdatamodel */,
			);
			currentVersion = 8D468EC71F85BAF30060A8FE /* ShoppingList___iCloudKit.xcdatamodel */;
			path = "ShoppingList___iCloudKit.xcdatamodeld";
			sourceTree = "<group>";
			versionGroupType = wrapper.xcdatamodel;
		};
/* End XCVersionGroup section */
	};
	rootObject = 8D468EB41F85BAF30060A8FE /* Project object */;
}
